
Microsoft Visual Studio Solution File, Format Version 12.00
# Visual Studio Version 17
VisualStudioVersion = 17.8.34511.84
MinimumVisualStudioVersion = 10.0.40219.1
Project("{9A19103F-16F7-4668-BE54-9A1E7A4F7556}") = "Hv.Sos100.DataService.Log.Api", "Hv.Sos100.DataService.Log.Api\Hv.Sos100.DataService.Log.Api.csproj", "{B54F4F60-AE0D-4591-9FC5-F7A84F000E1D}"
EndProject
Project("{9A19103F-16F7-4668-BE54-9A1E7A4F7556}") = "Hv.Sos100.DataService.Log.Gui", "Hv.Sos100.DataService.Log.Gui\Hv.Sos100.DataService.Log.Gui.csproj", "{F67932D1-F2BA-4657-8D1B-71DB16B492DB}"
EndProject
Project("{9A19103F-16F7-4668-BE54-9A1E7A4F7556}") = "Hv.Sos100.DataService.SingleSignOn.Api", "Hv.Sos100.DataService.SingleSignOn.Api\Hv.Sos100.DataService.SingleSignOn.Api.csproj", "{31704A9E-72A1-4B32-9742-D935FE7B65C8}"
EndProject
Project("{9A19103F-16F7-4668-BE54-9A1E7A4F7556}") = "Hv.Sos100.DataService.Statistics.Api", "Hv.Sos100.DataService.Statistics.Api\Hv.Sos100.DataService.Statistics.Api.csproj", "{DB4A4202-BEAC-4EE8-BB42-A3B09FDD2256}"
EndProject
Project("{9A19103F-16F7-4668-BE54-9A1E7A4F7556}") = "SyncBackgroundJobs", "SyncBackgroundJobs\SyncBackgroundJobs.csproj", "{5D6F50EC-8883-4DF1-8DA1-AD8C687BA475}"
EndProject
Project("{FAE04EC0-301F-11D3-BF4B-00C04F79EFBC}") = "Hv.Sos100.DataService.Statistics.AdminGui", "Hv.Sos100.DataService.Statistics.AdminGui\Hv.Sos100.DataService.Statistics.AdminGui.csproj", "{688324CE-52C0-4AC6-96A3-9D2C9B07C799}"
EndProject
Global
	GlobalSection(SolutionConfigurationPlatforms) = preSolution
		Debug|Any CPU = Debug|Any CPU
		Release|Any CPU = Release|Any CPU
	EndGlobalSection
	GlobalSection(ProjectConfigurationPlatforms) = postSolution
		{B54F4F60-AE0D-4591-9FC5-F7A84F000E1D}.Debug|Any CPU.ActiveCfg = Debug|Any CPU
		{B54F4F60-AE0D-4591-9FC5-F7A84F000E1D}.Debug|Any CPU.Build.0 = Debug|Any CPU
		{B54F4F60-AE0D-4591-9FC5-F7A84F000E1D}.Release|Any CPU.ActiveCfg = Release|Any CPU
		{B54F4F60-AE0D-4591-9FC5-F7A84F000E1D}.Release|Any CPU.Build.0 = Release|Any CPU
		{F67932D1-F2BA-4657-8D1B-71DB16B492DB}.Debug|Any CPU.ActiveCfg = Debug|Any CPU
		{F67932D1-F2BA-4657-8D1B-71DB16B492DB}.Debug|Any CPU.Build.0 = Debug|Any CPU
		{F67932D1-F2BA-4657-8D1B-71DB16B492DB}.Release|Any CPU.ActiveCfg = Release|Any CPU
		{F67932D1-F2BA-4657-8D1B-71DB16B492DB}.Release|Any CPU.Build.0 = Release|Any CPU
		{31704A9E-72A1-4B32-9742-D935FE7B65C8}.Debug|Any CPU.ActiveCfg = Debug|Any CPU
		{31704A9E-72A1-4B32-9742-D935FE7B65C8}.Debug|Any CPU.Build.0 = Debug|Any CPU
		{31704A9E-72A1-4B32-9742-D935FE7B65C8}.Release|Any CPU.ActiveCfg = Release|Any CPU
		{31704A9E-72A1-4B32-9742-D935FE7B65C8}.Release|Any CPU.Build.0 = Release|Any CPU
		{DB4A4202-BEAC-4EE8-BB42-A3B09FDD2256}.Debug|Any CPU.ActiveCfg = Debug|Any CPU
		{DB4A4202-BEAC-4EE8-BB42-A3B09FDD2256}.Debug|Any CPU.Build.0 = Debug|Any CPU
		{DB4A4202-BEAC-4EE8-BB42-A3B09FDD2256}.Release|Any CPU.ActiveCfg = Release|Any CPU
		{DB4A4202-BEAC-4EE8-BB42-A3B09FDD2256}.Release|Any CPU.Build.0 = Release|Any CPU
		{5D6F50EC-8883-4DF1-8DA1-AD8C687BA475}.Debug|Any CPU.ActiveCfg = Debug|Any CPU
		{5D6F50EC-8883-4DF1-8DA1-AD8C687BA475}.Debug|Any CPU.Build.0 = Debug|Any CPU
		{5D6F50EC-8883-4DF1-8DA1-AD8C687BA475}.Release|Any CPU.ActiveCfg = Release|Any CPU
		{5D6F50EC-8883-4DF1-8DA1-AD8C687BA475}.Release|Any CPU.Build.0 = Release|Any CPU
		{688324CE-52C0-4AC6-96A3-9D2C9B07C799}.Debug|Any CPU.ActiveCfg = Debug|Any CPU
		{688324CE-52C0-4AC6-96A3-9D2C9B07C799}.Debug|Any CPU.Build.0 = Debug|Any CPU
		{688324CE-52C0-4AC6-96A3-9D2C9B07C799}.Release|Any CPU.ActiveCfg = Release|Any CPU
		{688324CE-52C0-4AC6-96A3-9D2C9B07C799}.Release|Any CPU.Build.0 = Release|Any CPU
	EndGlobalSection
	GlobalSection(SolutionProperties) = preSolution
		HideSolutionNode = FALSE
	EndGlobalSection
	GlobalSection(ExtensibilityGlobals) = postSolution
		SolutionGuid = {8F35DBD5-8114-4E98-88BC-C36173E3C1B4}
	EndGlobalSection
EndGlobal
